// !$*UTF8*$!
{
	archiveVersion = 1;
	classes = {
	};
	objectVersion = 46;
	objects = {

/* Begin PBXBuildFile section */
		BCA6F81E1F0260B500744980 /* main.m in Sources */ = {isa = PBXBuildFile; fileRef = BCA6F81D1F0260B500744980 /* main.m */; };
		BCA6F8211F0260B500744980 /* AppDelegate.m in Sources */ = {isa = PBXBuildFile; fileRef = BCA6F8201F0260B500744980 /* AppDelegate.m */; };
		BCA6F8241F0260B500744980 /* ViewController.m in Sources */ = {isa = PBXBuildFile; fileRef = BCA6F8231F0260B500744980 /* ViewController.m */; };
		BCA6F8271F0260B500744980 /* Main.storyboard in Resources */ = {isa = PBXBuildFile; fileRef = BCA6F8251F0260B500744980 /* Main.storyboard */; };
		BCA6F8291F0260B500744980 /* Assets.xcassets in Resources */ = {isa = PBXBuildFile; fileRef = BCA6F8281F0260B500744980 /* Assets.xcassets */; };
		BCA6F82C1F0260B500744980 /* LaunchScreen.storyboard in Resources */ = {isa = PBXBuildFile; fileRef = BCA6F82A1F0260B500744980 /* LaunchScreen.storyboard */; };
		BCA6F8371F0260B500744980 /* ____Tests.m in Sources */ = {isa = PBXBuildFile; fileRef = BCA6F8361F0260B500744980 /* ____Tests.m */; };
		BCA6F8441F02611D00744980 /* ImageUtils.m in Sources */ = {isa = PBXBuildFile; fileRef = BCA6F8431F02611D00744980 /* ImageUtils.m */; };
/* End PBXBuildFile section */

/* Begin PBXContainerItemProxy section */
		BCA6F8331F0260B500744980 /* PBXContainerItemProxy */ = {
			isa = PBXContainerItemProxy;
			containerPortal = BCA6F8111F0260B400744980 /* Project object */;
			proxyType = 1;
			remoteGlobalIDString = BCA6F8181F0260B500744980;
			remoteInfo = "美白图片";
		};
/* End PBXContainerItemProxy section */

/* Begin PBXFileReference section */
		BCA6F8191F0260B500744980 /* 美白图片.app */ = {isa = PBXFileReference; explicitFileType = wrapper.application; includeInIndex = 0; path = "美白图片.app"; sourceTree = BUILT_PRODUCTS_DIR; };
		BCA6F81D1F0260B500744980 /* main.m */ = {isa = PBXFileReference; lastKnownFileType = sourcecode.c.objc; path = main.m; sourceTree = "<group>"; };
		BCA6F81F1F0260B500744980 /* AppDelegate.h */ = {isa = PBXFileReference; lastKnownFileType = sourcecode.c.h; path = AppDelegate.h; sourceTree = "<group>"; };
		BCA6F8201F0260B500744980 /* AppDelegate.m */ = {isa = PBXFileReference; lastKnownFileType = sourcecode.c.objc; path = AppDelegate.m; sourceTree = "<group>"; };
		BCA6F8221F0260B500744980 /* ViewController.h */ = {isa = PBXFileReference; lastKnownFileType = sourcecode.c.h; path = ViewController.h; sourceTree = "<group>"; };
		BCA6F8231F0260B500744980 /* ViewController.m */ = {isa = PBXFileReference; lastKnownFileType = sourcecode.c.objc; path = ViewController.m; sourceTree = "<group>"; };
		BCA6F8261F0260B500744980 /* Base */ = {isa = PBXFileReference; lastKnownFileType = file.storyboard; name = Base; path = Base.lproj/Main.storyboard; sourceTree = "<group>"; };
		BCA6F8281F0260B500744980 /* Assets.xcassets */ = {isa = PBXFileReference; lastKnownFileType = folder.assetcatalog; path = Assets.xcassets; sourceTree = "<group>"; };
		BCA6F82B1F0260B500744980 /* Base */ = {isa = PBXFileReference; lastKnownFileType = file.storyboard; name = Base; path = Base.lproj/LaunchScreen.storyboard; sourceTree = "<group>"; };
		BCA6F82D1F0260B500744980 /* Info.plist */ = {isa = PBXFileReference; lastKnownFileType = text.plist.xml; path = Info.plist; sourceTree = "<group>"; };
		BCA6F8321F0260B500744980 /* 美白图片Tests.xctest */ = {isa = PBXFileReference; explicitFileType = wrapper.cfbundle; includeInIndex = 0; path = "美白图片Tests.xctest"; sourceTree = BUILT_PRODUCTS_DIR; };
		BCA6F8361F0260B500744980 /* ____Tests.m */ = {isa = PBXFileReference; lastKnownFileType = sourcecode.c.objc; path = "____Tests.m"; sourceTree = "<group>"; };
		BCA6F8381F0260B500744980 /* Info.plist */ = {isa = PBXFileReference; lastKnownFileType = text.plist.xml; path = Info.plist; sourceTree = "<group>"; };
		BCA6F8421F02611D00744980 /* ImageUtils.h */ = {isa = PBXFileReference; fileEncoding = 4; lastKnownFileType = sourcecode.c.h; path = ImageUtils.h; sourceTree = "<group>"; };
		BCA6F8431F02611D00744980 /* ImageUtils.m */ = {isa = PBXFileReference; fileEncoding = 4; lastKnownFileType = sourcecode.c.objc; path = ImageUtils.m; sourceTree = "<group>"; };
		BCA6F8451F026CA900744980 /* Color.h */ = {isa = PBXFileReference; lastKnownFileType = sourcecode.c.h; path = Color.h; sourceTree = "<group>"; };
/* End PBXFileReference section */

/* Begin PBXFrameworksBuildPhase section */
		BCA6F8161F0260B500744980 /* Frameworks */ = {
			isa = PBXFrameworksBuildPhase;
			buildActionMask = 2147483647;
			files = (
			);
			runOnlyForDeploymentPostprocessing = 0;
		};
		BCA6F82F1F0260B500744980 /* Frameworks */ = {
			isa = PBXFrameworksBuildPhase;
			buildActionMask = 2147483647;
			files = (
			);
			runOnlyForDeploymentPostprocessing = 0;
		};
/* End PBXFrameworksBuildPhase section */

/* Begin PBXGroup section */
		BCA6F8101F0260B400744980 = {
			isa = PBXGroup;
			children = (
				BCA6F81B1F0260B500744980 /* 美白图片 */,
				BCA6F8351F0260B500744980 /* 美白图片Tests */,
				BCA6F81A1F0260B500744980 /* Products */,
			);
			sourceTree = "<group>";
		};
		BCA6F81A1F0260B500744980 /* Products */ = {
			isa = PBXGroup;
			children = (
				BCA6F8191F0260B500744980 /* 美白图片.app */,
				BCA6F8321F0260B500744980 /* 美白图片Tests.xctest */,
			);
			name = Products;
			sourceTree = "<group>";
		};
		BCA6F81B1F0260B500744980 /* 美白图片 */ = {
			isa = PBXGroup;
			children = (
				BCA6F8411F0260CB00744980 /* imagUtils */,
				BCA6F81F1F0260B500744980 /* AppDelegate.h */,
				BCA6F8201F0260B500744980 /* AppDelegate.m */,
				BCA6F8221F0260B500744980 /* ViewController.h */,
				BCA6F8231F0260B500744980 /* ViewController.m */,
				BCA6F8251F0260B500744980 /* Main.storyboard */,
				BCA6F8281F0260B500744980 /* Assets.xcassets */,
				BCA6F82A1F0260B500744980 /* LaunchScreen.storyboard */,
				BCA6F82D1F0260B500744980 /* Info.plist */,
				BCA6F81C1F0260B500744980 /* Supporting Files */,
			);
			path = "美白图片";
			sourceTree = "<group>";
		};
		BCA6F81C1F0260B500744980 /* Supporting Files */ = {
			isa = PBXGroup;
			children = (
				BCA6F81D1F0260B500744980 /* main.m */,
			);
			name = "Supporting Files";
			sourceTree = "<group>";
		};
		BCA6F8351F0260B500744980 /* 美白图片Tests */ = {
			isa = PBXGroup;
			children = (
				BCA6F8361F0260B500744980 /* ____Tests.m */,
				BCA6F8381F0260B500744980 /* Info.plist */,
			);
			path = "美白图片Tests";
			sourceTree = "<group>";
		};
		BCA6F8411F0260CB00744980 /* imagUtils */ = {
			isa = PBXGroup;
			children = (
				BCA6F8451F026CA900744980 /* Color.h */,
				BCA6F8421F02611D00744980 /* ImageUtils.h */,
				BCA6F8431F02611D00744980 /* ImageUtils.m */,
			);
			name = imagUtils;
			sourceTree = "<group>";
		};
/* End PBXGroup section */

/* Begin PBXNativeTarget section */
		BCA6F8181F0260B500744980 /* 美白图片 */ = {
			isa = PBXNativeTarget;
			buildConfigurationList = BCA6F83B1F0260B500744980 /* Build configuration list for PBXNativeTarget "美白图片" */;
			buildPhases = (
				BCA6F8151F0260B500744980 /* Sources */,
				BCA6F8161F0260B500744980 /* Frameworks */,
				BCA6F8171F0260B500744980 /* Resources */,
			);
			buildRules = (
			);
			dependencies = (
			);
			name = "美白图片";
			productName = "美白图片";
			productReference = BCA6F8191F0260B500744980 /* 美白图片.app */;
			productType = "com.apple.product-type.application";
		};
		BCA6F8311F0260B500744980 /* 美白图片Tests */ = {
			isa = PBXNativeTarget;
			buildConfigurationList = BCA6F83E1F0260B500744980 /* Build configuration list for PBXNativeTarget "美白图片Tests" */;
			buildPhases = (
				BCA6F82E1F0260B500744980 /* Sources */,
				BCA6F82F1F0260B500744980 /* Frameworks */,
				BCA6F8301F0260B500744980 /* Resources */,
			);
			buildRules = (
			);
			dependencies = (
				BCA6F8341F0260B500744980 /* PBXTargetDependency */,
			);
			name = "美白图片Tests";
			productName = "美白图片Tests";
			productReference = BCA6F8321F0260B500744980 /* 美白图片Tests.xctest */;
			productType = "com.apple.product-type.bundle.unit-test";
		};
/* End PBXNativeTarget section */

/* Begin PBXProject section */
		BCA6F8111F0260B400744980 /* Project object */ = {
			isa = PBXProject;
			attributes = {
				LastUpgradeCheck = 0830;
				ORGANIZATIONNAME = jiaotukeji;
				TargetAttributes = {
					BCA6F8181F0260B500744980 = {
						CreatedOnToolsVersion = 8.3.2;
						ProvisioningStyle = Automatic;
					};
					BCA6F8311F0260B500744980 = {
						CreatedOnToolsVersion = 8.3.2;
						ProvisioningStyle = Automatic;
						TestTargetID = BCA6F8181F0260B500744980;
					};
				};
			};
			buildConfigurationList = BCA6F8141F0260B500744980 /* Build configuration list for PBXProject "美白图片" */;
			compatibilityVersion = "Xcode 3.2";
			developmentRegion = English;
			hasScannedForEncodings = 0;
			knownRegions = (
				en,
				Base,
			);
			mainGroup = BCA6F8101F0260B400744980;
			productRefGroup = BCA6F81A1F0260B500744980 /* Products */;
			projectDirPath = "";
			projectRoot = "";
			targets = (
				BCA6F8181F0260B500744980 /* 美白图片 */,
				BCA6F8311F0260B500744980 /* 美白图片Tests */,
			);
		};
/* End PBXProject section */

/* Begin PBXResourcesBuildPhase section */
		BCA6F8171F0260B500744980 /* Resources */ = {
			isa = PBXResourcesBuildPhase;
			buildActionMask = 2147483647;
			files = (
				BCA6F82C1F0260B500744980 /* LaunchScreen.storyboard in Resources */,
				BCA6F8291F0260B500744980 /* Assets.xcassets in Resources */,
				BCA6F8271F0260B500744980 /* Main.storyboard in Resources */,
			);
			runOnlyForDeploymentPostprocessing = 0;
		};
		BCA6F8301F0260B500744980 /* Resources */ = {
			isa = PBXResourcesBuildPhase;
			buildActionMask = 2147483647;
			files = (
			);
			runOnlyForDeploymentPostprocessing = 0;
		};
/* End PBXResourcesBuildPhase section */

/* Begin PBXSourcesBuildPhase section */
		BCA6F8151F0260B500744980 /* Sources */ = {
			isa = PBXSourcesBuildPhase;
			buildActionMask = 2147483647;
			files = (
				BCA6F8241F0260B500744980 /* ViewController.m in Sources */,
				BCA6F8211F0260B500744980 /* AppDelegate.m in Sources */,
				BCA6F81E1F0260B500744980 /* main.m in Sources */,
				BCA6F8441F02611D00744980 /* ImageUtils.m in Sources */,
			);
			runOnlyForDeploymentPostprocessing = 0;
		};
		BCA6F82E1F0260B500744980 /* Sources */ = {
			isa = PBXSourcesBuildPhase;
			buildActionMask = 2147483647;
			files = (
				BCA6F8371F0260B500744980 /* ____Tests.m in Sources */,
			);
			runOnlyForDeploymentPostprocessing = 0;
		};
/* End PBXSourcesBuildPhase section */

/* Begin PBXTargetDependency section */
		BCA6F8341F0260B500744980 /* PBXTargetDependency */ = {
			isa = PBXTargetDependency;
			target = BCA6F8181F0260B500744980 /* 美白图片 */;
			targetProxy = BCA6F8331F0260B500744980 /* PBXContainerItemProxy */;
		};
/* End PBXTargetDependency section */

/* Begin PBXVariantGroup section */
		BCA6F8251F0260B500744980 /* Main.storyboard */ = {
			isa = PBXVariantGroup;
			children = (
				BCA6F8261F0260B500744980 /* Base */,
			);
			name = Main.storyboard;
			sourceTree = "<group>";
		};
		BCA6F82A1F0260B500744980 /* LaunchScreen.storyboard */ = {
			isa = PBXVariantGroup;
			children = (
				BCA6F82B1F0260B500744980 /* Base */,
			);
			name = LaunchScreen.storyboard;
			sourceTree = "<group>";
		};
/* End PBXVariantGroup section */

/* Begin XCBuildConfiguration section */
		BCA6F8391F0260B500744980 /* Debug */ = {
			isa = XCBuildConfiguration;
			buildSettings = {
				ALWAYS_SEARCH_USER_PATHS = NO;
				CLANG_ANALYZER_NONNULL = YES;
				CLANG_ANALYZER_NUMBER_OBJECT_CONVERSION = YES_AGGRESSIVE;
				CLANG_CXX_LANGUAGE_STANDARD = "gnu++0x";
				CLANG_CXX_LIBRARY = "libc++";
				CLANG_ENABLE_MODULES = YES;
				CLANG_ENABLE_OBJC_ARC = YES;
				CLANG_WARN_BOOL_CONVERSION = YES;
				CLANG_WARN_CONSTANT_CONVERSION = YES;
				CLANG_WARN_DIRECT_OBJC_ISA_USAGE = YES_ERROR;
				CLANG_WARN_DOCUMENTATION_COMMENTS = YES;
				CLANG_WARN_EMPTY_BODY = YES;
				CLANG_WARN_ENUM_CONVERSION = YES;
				CLANG_WARN_INFINITE_RECURSION = YES;
				CLANG_WARN_INT_CONVERSION = YES;
				CLANG_WARN_OBJC_ROOT_CLASS = YES_ERROR;
				CLANG_WARN_SUSPICIOUS_MOVE = YES;
				CLANG_WARN_UNREACHABLE_CODE = YES;
				CLANG_WARN__DUPLICATE_METHOD_MATCH = YES;
				"CODE_SIGN_IDENTITY[sdk=iphoneos*]" = "iPhone Developer";
				COPY_PHASE_STRIP = NO;
				DEBUG_INFORMATION_FORMAT = dwarf;
				ENABLE_STRICT_OBJC_MSGSEND = YES;
				ENABLE_TESTABILITY = YES;
				GCC_C_LANGUAGE_STANDARD = gnu99;
				GCC_DYNAMIC_NO_PIC = NO;
				GCC_NO_COMMON_BLOCKS = YES;
				GCC_OPTIMIZATION_LEVEL = 0;
				GCC_PREPROCESSOR_DEFINITIONS = (
					"DEBUG=1",
					"$(inherited)",
				);
				GCC_WARN_64_TO_32_BIT_CONVERSION = YES;
				GCC_WARN_ABOUT_RETURN_TYPE = YES_ERROR;
				GCC_WARN_UNDECLARED_SELECTOR = YES;
				GCC_WARN_UNINITIALIZED_AUTOS = YES_AGGRESSIVE;
				GCC_WARN_UNUSED_FUNCTION = YES;
				GCC_WARN_UNUSED_VARIABLE = YES;
				IPHONEOS_DEPLOYMENT_TARGET = 10.3;
				MTL_ENABLE_DEBUG_INFO = YES;
				ONLY_ACTIVE_ARCH = YES;
				SDKROOT = iphoneos;
			};
			name = Debug;
		};
		BCA6F83A1F0260B500744980 /* Release */ = {
			isa = XCBuildConfiguration;
			buildSettings = {
				ALWAYS_SEARCH_USER_PATHS = NO;
				CLANG_ANALYZER_NONNULL = YES;
				CLANG_ANALYZER_NUMBER_OBJECT_CONVERSION = YES_AGGRESSIVE;
				CLANG_CXX_LANGUAGE_STANDARD = "gnu++0x";
				CLANG_CXX_LIBRARY = "libc++";
				CLANG_ENABLE_MODULES = YES;
				CLANG_ENABLE_OBJC_ARC = YES;
				CLANG_WARN_BOOL_CONVERSION = YES;
				CLANG_WARN_CONSTANT_CONVERSION = YES;
				CLANG_WARN_DIRECT_OBJC_ISA_USAGE = YES_ERROR;
				CLANG_WARN_DOCUMENTATION_COMMENTS = YES;
				CLANG_WARN_EMPTY_BODY = YES;
				CLANG_WARN_ENUM_CONVERSION = YES;
				CLANG_WARN_INFINITE_RECURSION = YES;
				CLANG_WARN_INT_CONVERSION = YES;
				CLANG_WARN_OBJC_ROOT_CLASS = YES_ERROR;
				CLANG_WARN_SUSPICIOUS_MOVE = YES;
				CLANG_WARN_UNREACHABLE_CODE = YES;
				CLANG_WARN__DUPLICATE_METHOD_MATCH = YES;
				"CODE_SIGN_IDENTITY[sdk=iphoneos*]" = "iPhone Developer";
				COPY_PHASE_STRIP = NO;
				DEBUG_INFORMATION_FORMAT = "dwarf-with-dsym";
				ENABLE_NS_ASSERTIONS = NO;
				ENABLE_STRICT_OBJC_MSGSEND = YES;
				GCC_C_LANGUAGE_STANDARD = gnu99;
				GCC_NO_COMMON_BLOCKS = YES;
				GCC_WARN_64_TO_32_BIT_CONVERSION = YES;
				GCC_WARN_ABOUT_RETURN_TYPE = YES_ERROR;
				GCC_WARN_UNDECLARED_SELECTOR = YES;
				GCC_WARN_UNINITIALIZED_AUTOS = YES_AGGRESSIVE;
				GCC_WARN_UNUSED_FUNCTION = YES;
				GCC_WARN_UNUSED_VARIABLE = YES;
				IPHONEOS_DEPLOYMENT_TARGET = 10.3;
				MTL_ENABLE_DEBUG_INFO = NO;
				SDKROOT = iphoneos;
				VALIDATE_PRODUCT = YES;
			};
			name = Release;
		};
		BCA6F83C1F0260B500744980 /* Debug */ = {
			isa = XCBuildConfiguration;
			buildSettings = {
				ASSETCATALOG_COMPILER_APPICON_NAME = AppIcon;
				FRAMEWORK_SEARCH_PATHS = (
					"$(inherited)",
					"$(PROJECT_DIR)/美白图片",
				);
				INFOPLIST_FILE = "美白图片/Info.plist";
				LD_RUNPATH_SEARCH_PATHS = "$(inherited) @executable_path/Frameworks";
				PRODUCT_BUNDLE_IDENTIFIER = "JOTWO.----";
				PRODUCT_NAME = "$(TARGET_NAME)";
			};
			name = Debug;
		};
		BCA6F83D1F0260B500744980 /* Release */ = {
			isa = XCBuildConfiguration;
			buildSettings = {
				ASSETCATALOG_COMPILER_APPICON_NAME = AppIcon;
				FRAMEWORK_SEARCH_PATHS = (
					"$(inherited)",
					"$(PROJECT_DIR)/美白图片",
				);
				INFOPLIST_FILE = "美白图片/Info.plist";
				LD_RUNPATH_SEARCH_PATHS = "$(inherited) @executable_path/Frameworks";
				PRODUCT_BUNDLE_IDENTIFIER = "JOTWO.----";
				PRODUCT_NAME = "$(TARGET_NAME)";
			};
			name = Release;
		};
		BCA6F83F1F0260B500744980 /* Debug */ = {
			isa = XCBuildConfiguration;
			buildSettings = {
				BUNDLE_LOADER = "$(TEST_HOST)";
				INFOPLIST_FILE = "美白图片Tests/Info.plist";
				LD_RUNPATH_SEARCH_PATHS = "$(inherited) @executable_path/Frameworks @loader_path/Frameworks";
				PRODUCT_BUNDLE_IDENTIFIER = "JOTWO.----Tests";
				PRODUCT_NAME = "$(TARGET_NAME)";
				TEST_HOST = "$(BUILT_PRODUCTS_DIR)/美白图片.app/美白图片";
			};
			name = Debug;
		};
		BCA6F8401F0260B500744980 /* Release */ = {
			isa = XCBuildConfiguration;
			buildSettings = {
				BUNDLE_LOADER = "$(TEST_HOST)";
				INFOPLIST_FILE = "美白图片Tests/Info.plist";
				LD_RUNPATH_SEARCH_PATHS = "$(inherited) @executable_path/Frameworks @loader_path/Frameworks";
				PRODUCT_BUNDLE_IDENTIFIER = "JOTWO.----Tests";
				PRODUCT_NAME = "$(TARGET_NAME)";
				TEST_HOST = "$(BUILT_PRODUCTS_DIR)/美白图片.app/美白图片";
			};
			name = Release;
		};
/* End XCBuildConfiguration section */

/* Begin XCConfigurationList section */
		BCA6F8141F0260B500744980 /* Build configuration list for PBXProject "美白图片" */ = {
			isa = XCConfigurationList;
			buildConfigurations = (
				BCA6F8391F0260B500744980 /* Debug */,
				BCA6F83A1F0260B500744980 /* Release */,
			);
			defaultConfigurationIsVisible = 0;
			defaultConfigurationName = Release;
		};
		BCA6F83B1F0260B500744980 /* Build configuration list for PBXNativeTarget "美白图片" */ = {
			isa = XCConfigurationList;
			buildConfigurations = (
				BCA6F83C1F0260B500744980 /* Debug */,
				BCA6F83D1F0260B500744980 /* Release */,
			);
			defaultConfigurationIsVisible = 0;
			defaultConfigurationName = Release;
		};
		BCA6F83E1F0260B500744980 /* Build configuration list for PBXNativeTarget "美白图片Tests" */ = {
			isa = XCConfigurationList;
			buildConfigurations = (
				BCA6F83F1F0260B500744980 /* Debug */,
				BCA6F8401F0260B500744980 /* Release */,
			);
			defaultConfigurationIsVisible = 0;
			defaultConfigurationName = Release;
		};
/* End XCConfigurationList section */
	};
	rootObject = BCA6F8111F0260B400744980 /* Project object */;
}
